
Microsoft Visual Studio Solution File, Format Version 12.00
# Visual Studio Version 17
VisualStudioVersion = 17.13.35806.99 d17.13
MinimumVisualStudioVersion = 10.0.40219.1
Project("{FAE04EC0-301F-11D3-BF4B-00C04F79EFBC}") = "NavarreteJExamenP3", "NavarreteJExamenP3\NavarreteJExamenP3.csproj", "{322721FD-7BA5-47E0-BC5D-DF98DA92145B}"
EndProject
Global
	GlobalSection(SolutionConfigurationPlatforms) = preSolution
		Debug|Any CPU = Debug|Any CPU
		Release|Any CPU = Release|Any CPU
	EndGlobalSection
	GlobalSection(ProjectConfigurationPlatforms) = postSolution
		{322721FD-7BA5-47E0-BC5D-DF98DA92145B}.Debug|Any CPU.ActiveCfg = Debug|Any CPU
		{322721FD-7BA5-47E0-BC5D-DF98DA92145B}.Debug|Any CPU.Build.0 = Debug|Any CPU
		{322721FD-7BA5-47E0-BC5D-DF98DA92145B}.Debug|Any CPU.Deploy.0 = Debug|Any CPU
		{322721FD-7BA5-47E0-BC5D-DF98DA92145B}.Release|Any CPU.ActiveCfg = Release|Any CPU
		{322721FD-7BA5-47E0-BC5D-DF98DA92145B}.Release|Any CPU.Build.0 = Release|Any CPU
		{322721FD-7BA5-47E0-BC5D-DF98DA92145B}.Release|Any CPU.Deploy.0 = Release|Any CPU
	EndGlobalSection
	GlobalSection(SolutionProperties) = preSolution
		HideSolutionNode = FALSE
	EndGlobalSection
	GlobalSection(ExtensibilityGlobals) = postSolution
		SolutionGuid = {48D67326-C59A-4848-BBE7-60AD47378354}
	EndGlobalSection
EndGlobal
